# THIS IS AN AUTOGENERATED FILE. DO NOT EDIT THIS FILE DIRECTLY.
# yarn lockfile v1


"@types/marked@^5.0.0":
  version "5.0.0"
  resolved "https://registry.yarnpkg.com/@types/marked/-/marked-5.0.0.tgz#3235b9133054e6586eedabfb77aa7d4a4bafbfcf"
  integrity sha512-YcZe50jhltsCq7rc9MNZC/4QB/OnA2Pd6hrOSTOFajtabN+38slqgDDCeE/0F83SjkKBQcsZUj7VLWR0H5cKRA==

marked@^5.0.2:
  version "5.0.2"
  resolved "https://registry.yarnpkg.com/marked/-/marked-5.0.2.tgz#ac79e78ea7ed9ad31de70b85e274595d9029e534"
  integrity sha512-TXksm9GwqXCRNbFUZmMtqNLvy3K2cQHuWmyBDLOrY1e6i9UvZpOTJXoz7fBjYkJkaUFzV9hBFxMuZSyQt8R6KQ==

prettier@^2.8.8:
  version "2.8.8"
  resolved "https://registry.yarnpkg.com/prettier/-/prettier-2.8.8.tgz#e8c5d7e98a4305ffe3de2e1fc4aca1a71c28b1da"
  integrity sha512-tdN8qQGvNjw4CHbY+XXk0JgCXn9QiF21a55rBe5LJAU+kDyC4WQn4+awm2Xfk2lQMk5fKup9XgzTZtGkjBdP9Q==
